// !$*UTF8*$!
{
	archiveVersion = 1;
	classes = {
	};
	objectVersion = 50;
	objects = {

/* Begin PBXBuildFile section */
		E912605F237F26850054DECF /* ShareSheet.swift in Sources */ = {isa = PBXBuildFile; fileRef = E912605E237F26850054DECF /* ShareSheet.swift */; };
		E9126061237F287A0054DECF /* UIViewExtension.swift in Sources */ = {isa = PBXBuildFile; fileRef = E9126060237F287A0054DECF /* UIViewExtension.swift */; };
		E919FB99237EE7460038F9EF /* ShapeSelection.swift in Sources */ = {isa = PBXBuildFile; fileRef = E919FB98237EE7460038F9EF /* ShapeSelection.swift */; };
		E9C508EA23799F7700327CD5 /* AppDelegate.swift in Sources */ = {isa = PBXBuildFile; fileRef = E9C508E923799F7700327CD5 /* AppDelegate.swift */; };
		E9C508EC23799F7700327CD5 /* SceneDelegate.swift in Sources */ = {isa = PBXBuildFile; fileRef = E9C508EB23799F7700327CD5 /* SceneDelegate.swift */; };
		E9C508EE23799F7700327CD5 /* ContentView.swift in Sources */ = {isa = PBXBuildFile; fileRef = E9C508ED23799F7700327CD5 /* ContentView.swift */; };
		E9C508F023799F7900327CD5 /* Assets.xcassets in Resources */ = {isa = PBXBuildFile; fileRef = E9C508EF23799F7900327CD5 /* Assets.xcassets */; };
		E9C508F323799F7900327CD5 /* Preview Assets.xcassets in Resources */ = {isa = PBXBuildFile; fileRef = E9C508F223799F7900327CD5 /* Preview Assets.xcassets */; };
		E9C508F623799F7900327CD5 /* LaunchScreen.storyboard in Resources */ = {isa = PBXBuildFile; fileRef = E9C508F423799F7900327CD5 /* LaunchScreen.storyboard */; };
		E9C508FE23799F9E00327CD5 /* DrawingPad.swift in Sources */ = {isa = PBXBuildFile; fileRef = E9C508FD23799F9E00327CD5 /* DrawingPad.swift */; };
		E9C5090023799FBA00327CD5 /* Drawing.swift in Sources */ = {isa = PBXBuildFile; fileRef = E9C508FF23799FBA00327CD5 /* Drawing.swift */; };
		E9E7D189237DA4C800BA1C1C /* ColorSelection.swift in Sources */ = {isa = PBXBuildFile; fileRef = E9E7D188237DA4C800BA1C1C /* ColorSelection.swift */; };
/* End PBXBuildFile section */

/* Begin PBXFileReference section */
		E912605E237F26850054DECF /* ShareSheet.swift */ = {isa = PBXFileReference; lastKnownFileType = sourcecode.swift; path = ShareSheet.swift; sourceTree = "<group>"; };
		E9126060237F287A0054DECF /* UIViewExtension.swift */ = {isa = PBXFileReference; lastKnownFileType = sourcecode.swift; path = UIViewExtension.swift; sourceTree = "<group>"; };
		E919FB98237EE7460038F9EF /* ShapeSelection.swift */ = {isa = PBXFileReference; lastKnownFileType = sourcecode.swift; path = ShapeSelection.swift; sourceTree = "<group>"; };
		E9C508E623799F7700327CD5 /* DrawingCanvas.app */ = {isa = PBXFileReference; explicitFileType = wrapper.application; includeInIndex = 0; path = DrawingCanvas.app; sourceTree = BUILT_PRODUCTS_DIR; };
		E9C508E923799F7700327CD5 /* AppDelegate.swift */ = {isa = PBXFileReference; lastKnownFileType = sourcecode.swift; path = AppDelegate.swift; sourceTree = "<group>"; };
		E9C508EB23799F7700327CD5 /* SceneDelegate.swift */ = {isa = PBXFileReference; lastKnownFileType = sourcecode.swift; path = SceneDelegate.swift; sourceTree = "<group>"; };
		E9C508ED23799F7700327CD5 /* ContentView.swift */ = {isa = PBXFileReference; lastKnownFileType = sourcecode.swift; path = ContentView.swift; sourceTree = "<group>"; };
		E9C508EF23799F7900327CD5 /* Assets.xcassets */ = {isa = PBXFileReference; lastKnownFileType = folder.assetcatalog; path = Assets.xcassets; sourceTree = "<group>"; };
		E9C508F223799F7900327CD5 /* Preview Assets.xcassets */ = {isa = PBXFileReference; lastKnownFileType = folder.assetcatalog; path = "Preview Assets.xcassets"; sourceTree = "<group>"; };
		E9C508F523799F7900327CD5 /* Base */ = {isa = PBXFileReference; lastKnownFileType = file.storyboard; name = Base; path = Base.lproj/LaunchScreen.storyboard; sourceTree = "<group>"; };
		E9C508F723799F7900327CD5 /* Info.plist */ = {isa = PBXFileReference; lastKnownFileType = text.plist.xml; path = Info.plist; sourceTree = "<group>"; };
		E9C508FD23799F9E00327CD5 /* DrawingPad.swift */ = {isa = PBXFileReference; lastKnownFileType = sourcecode.swift; path = DrawingPad.swift; sourceTree = "<group>"; };
		E9C508FF23799FBA00327CD5 /* Drawing.swift */ = {isa = PBXFileReference; lastKnownFileType = sourcecode.swift; path = Drawing.swift; sourceTree = "<group>"; };
		E9E7D188237DA4C800BA1C1C /* ColorSelection.swift */ = {isa = PBXFileReference; lastKnownFileType = sourcecode.swift; path = ColorSelection.swift; sourceTree = "<group>"; };
/* End PBXFileReference section */

/* Begin PBXFrameworksBuildPhase section */
		E9C508E323799F7700327CD5 /* Frameworks */ = {
			isa = PBXFrameworksBuildPhase;
			buildActionMask = 2147483647;
			files = (
			);
			runOnlyForDeploymentPostprocessing = 0;
		};
/* End PBXFrameworksBuildPhase section */

/* Begin PBXGroup section */
		E9C508DD23799F7700327CD5 = {
			isa = PBXGroup;
			children = (
				E9C508E823799F7700327CD5 /* DrawingCanvas */,
				E9C508E723799F7700327CD5 /* Products */,
			);
			sourceTree = "<group>";
		};
		E9C508E723799F7700327CD5 /* Products */ = {
			isa = PBXGroup;
			children = (
				E9C508E623799F7700327CD5 /* DrawingCanvas.app */,
			);
			name = Products;
			sourceTree = "<group>";
		};
		E9C508E823799F7700327CD5 /* DrawingCanvas */ = {
			isa = PBXGroup;
			children = (
				E9C508E923799F7700327CD5 /* AppDelegate.swift */,
				E9C508EB23799F7700327CD5 /* SceneDelegate.swift */,
				E9C508ED23799F7700327CD5 /* ContentView.swift */,
				E9126060237F287A0054DECF /* UIViewExtension.swift */,
				E912605E237F26850054DECF /* ShareSheet.swift */,
				E9C508FF23799FBA00327CD5 /* Drawing.swift */,
				E9C508FD23799F9E00327CD5 /* DrawingPad.swift */,
				E9E7D188237DA4C800BA1C1C /* ColorSelection.swift */,
				E919FB98237EE7460038F9EF /* ShapeSelection.swift */,
				E9C508EF23799F7900327CD5 /* Assets.xcassets */,
				E9C508F423799F7900327CD5 /* LaunchScreen.storyboard */,
				E9C508F723799F7900327CD5 /* Info.plist */,
				E9C508F123799F7900327CD5 /* Preview Content */,
			);
			path = DrawingCanvas;
			sourceTree = "<group>";
		};
		E9C508F123799F7900327CD5 /* Preview Content */ = {
			isa = PBXGroup;
			children = (
				E9C508F223799F7900327CD5 /* Preview Assets.xcassets */,
			);
			path = "Preview Content";
			sourceTree = "<group>";
		};
/* End PBXGroup section */

/* Begin PBXNativeTarget section */
		E9C508E523799F7700327CD5 /* DrawingCanvas */ = {
			isa = PBXNativeTarget;
			buildConfigurationList = E9C508FA23799F7900327CD5 /* Build configuration list for PBXNativeTarget "DrawingCanvas" */;
			buildPhases = (
				E9C508E223799F7700327CD5 /* Sources */,
				E9C508E323799F7700327CD5 /* Frameworks */,
				E9C508E423799F7700327CD5 /* Resources */,
			);
			buildRules = (
			);
			dependencies = (
			);
			name = DrawingCanvas;
			productName = DrawingCanvas;
			productReference = E9C508E623799F7700327CD5 /* DrawingCanvas.app */;
			productType = "com.apple.product-type.application";
		};
/* End PBXNativeTarget section */

/* Begin PBXProject section */
		E9C508DE23799F7700327CD5 /* Project object */ = {
			isa = PBXProject;
			attributes = {
				LastSwiftUpdateCheck = 1120;
				LastUpgradeCheck = 1120;
				ORGANIZATIONNAME = "Ethan Humphrey";
				TargetAttributes = {
					E9C508E523799F7700327CD5 = {
						CreatedOnToolsVersion = 11.2;
					};
				};
			};
			buildConfigurationList = E9C508E123799F7700327CD5 /* Build configuration list for PBXProject "DrawingCanvas" */;
			compatibilityVersion = "Xcode 9.3";
			developmentRegion = en;
			hasScannedForEncodings = 0;
			knownRegions = (
				en,
				Base,
			);
			mainGroup = E9C508DD23799F7700327CD5;
			productRefGroup = E9C508E723799F7700327CD5 /* Products */;
			projectDirPath = "";
			projectRoot = "";
			targets = (
				E9C508E523799F7700327CD5 /* DrawingCanvas */,
			);
		};
/* End PBXProject section */

/* Begin PBXResourcesBuildPhase section */
		E9C508E423799F7700327CD5 /* Resources */ = {
			isa = PBXResourcesBuildPhase;
			buildActionMask = 2147483647;
			files = (
				E9C508F623799F7900327CD5 /* LaunchScreen.storyboard in Resources */,
				E9C508F323799F7900327CD5 /* Preview Assets.xcassets in Resources */,
				E9C508F023799F7900327CD5 /* Assets.xcassets in Resources */,
			);
			runOnlyForDeploymentPostprocessing = 0;
		};
/* End PBXResourcesBuildPhase section */

/* Begin PBXSourcesBuildPhase section */
		E9C508E223799F7700327CD5 /* Sources */ = {
			isa = PBXSourcesBuildPhase;
			buildActionMask = 2147483647;
			files = (
				E9C508FE23799F9E00327CD5 /* DrawingPad.swift in Sources */,
				E9C508EA23799F7700327CD5 /* AppDelegate.swift in Sources */,
				E9E7D189237DA4C800BA1C1C /* ColorSelection.swift in Sources */,
				E9C508EC23799F7700327CD5 /* SceneDelegate.swift in Sources */,
				E9C508EE23799F7700327CD5 /* ContentView.swift in Sources */,
				E919FB99237EE7460038F9EF /* ShapeSelection.swift in Sources */,
				E9126061237F287A0054DECF /* UIViewExtension.swift in Sources */,
				E9C5090023799FBA00327CD5 /* Drawing.swift in Sources */,
				E912605F237F26850054DECF /* ShareSheet.swift in Sources */,
			);
			runOnlyForDeploymentPostprocessing = 0;
		};
/* End PBXSourcesBuildPhase section */

/* Begin PBXVariantGroup section */
		E9C508F423799F7900327CD5 /* LaunchScreen.storyboard */ = {
			isa = PBXVariantGroup;
			children = (
				E9C508F523799F7900327CD5 /* Base */,
			);
			name = LaunchScreen.storyboard;
			sourceTree = "<group>";
		};
/* End PBXVariantGroup section */

/* Begin XCBuildConfiguration section */
		E9C508F823799F7900327CD5 /* Debug */ = {
			isa = XCBuildConfiguration;
			buildSettings = {
				ALWAYS_SEARCH_USER_PATHS = NO;
				CLANG_ANALYZER_NONNULL = YES;
				CLANG_ANALYZER_NUMBER_OBJECT_CONVERSION = YES_AGGRESSIVE;
				CLANG_CXX_LANGUAGE_STANDARD = "gnu++14";
				CLANG_CXX_LIBRARY = "libc++";
				CLANG_ENABLE_MODULES = YES;
				CLANG_ENABLE_OBJC_ARC = YES;
				CLANG_ENABLE_OBJC_WEAK = YES;
				CLANG_WARN_BLOCK_CAPTURE_AUTORELEASING = YES;
				CLANG_WARN_BOOL_CONVERSION = YES;
				CLANG_WARN_COMMA = YES;
				CLANG_WARN_CONSTANT_CONVERSION = YES;
				CLANG_WARN_DEPRECATED_OBJC_IMPLEMENTATIONS = YES;
				CLANG_WARN_DIRECT_OBJC_ISA_USAGE = YES_ERROR;
				CLANG_WARN_DOCUMENTATION_COMMENTS = YES;
				CLANG_WARN_EMPTY_BODY = YES;
				CLANG_WARN_ENUM_CONVERSION = YES;
				CLANG_WARN_INFINITE_RECURSION = YES;
				CLANG_WARN_INT_CONVERSION = YES;
				CLANG_WARN_NON_LITERAL_NULL_CONVERSION = YES;
				CLANG_WARN_OBJC_IMPLICIT_RETAIN_SELF = YES;
				CLANG_WARN_OBJC_LITERAL_CONVERSION = YES;
				CLANG_WARN_OBJC_ROOT_CLASS = YES_ERROR;
				CLANG_WARN_RANGE_LOOP_ANALYSIS = YES;
				CLANG_WARN_STRICT_PROTOTYPES = YES;
				CLANG_WARN_SUSPICIOUS_MOVE = YES;
				CLANG_WARN_UNGUARDED_AVAILABILITY = YES_AGGRESSIVE;
				CLANG_WARN_UNREACHABLE_CODE = YES;
				CLANG_WARN__DUPLICATE_METHOD_MATCH = YES;
				COPY_PHASE_STRIP = NO;
				DEBUG_INFORMATION_FORMAT = dwarf;
				ENABLE_STRICT_OBJC_MSGSEND = YES;
				ENABLE_TESTABILITY = YES;
				GCC_C_LANGUAGE_STANDARD = gnu11;
				GCC_DYNAMIC_NO_PIC = NO;
				GCC_NO_COMMON_BLOCKS = YES;
				GCC_OPTIMIZATION_LEVEL = 0;
				GCC_PREPROCESSOR_DEFINITIONS = (
					"DEBUG=1",
					"$(inherited)",
				);
				GCC_WARN_64_TO_32_BIT_CONVERSION = YES;
				GCC_WARN_ABOUT_RETURN_TYPE = YES_ERROR;
				GCC_WARN_UNDECLARED_SELECTOR = YES;
				GCC_WARN_UNINITIALIZED_AUTOS = YES_AGGRESSIVE;
				GCC_WARN_UNUSED_FUNCTION = YES;
				GCC_WARN_UNUSED_VARIABLE = YES;
				IPHONEOS_DEPLOYMENT_TARGET = 13.2;
				MTL_ENABLE_DEBUG_INFO = INCLUDE_SOURCE;
				MTL_FAST_MATH = YES;
				ONLY_ACTIVE_ARCH = YES;
				SDKROOT = iphoneos;
				SWIFT_ACTIVE_COMPILATION_CONDITIONS = DEBUG;
				SWIFT_OPTIMIZATION_LEVEL = "-Onone";
			};
			name = Debug;
		};
		E9C508F923799F7900327CD5 /* Release */ = {
			isa = XCBuildConfiguration;
			buildSettings = {
				ALWAYS_SEARCH_USER_PATHS = NO;
				CLANG_ANALYZER_NONNULL = YES;
				CLANG_ANALYZER_NUMBER_OBJECT_CONVERSION = YES_AGGRESSIVE;
				CLANG_CXX_LANGUAGE_STANDARD = "gnu++14";
				CLANG_CXX_LIBRARY = "libc++";
				CLANG_ENABLE_MODULES = YES;
				CLANG_ENABLE_OBJC_ARC = YES;
				CLANG_ENABLE_OBJC_WEAK = YES;
				CLANG_WARN_BLOCK_CAPTURE_AUTORELEASING = YES;
				CLANG_WARN_BOOL_CONVERSION = YES;
				CLANG_WARN_COMMA = YES;
				CLANG_WARN_CONSTANT_CONVERSION = YES;
				CLANG_WARN_DEPRECATED_OBJC_IMPLEMENTATIONS = YES;
				CLANG_WARN_DIRECT_OBJC_ISA_USAGE = YES_ERROR;
				CLANG_WARN_DOCUMENTATION_COMMENTS = YES;
				CLANG_WARN_EMPTY_BODY = YES;
				CLANG_WARN_ENUM_CONVERSION = YES;
				CLANG_WARN_INFINITE_RECURSION = YES;
				CLANG_WARN_INT_CONVERSION = YES;
				CLANG_WARN_NON_LITERAL_NULL_CONVERSION = YES;
				CLANG_WARN_OBJC_IMPLICIT_RETAIN_SELF = YES;
				CLANG_WARN_OBJC_LITERAL_CONVERSION = YES;
				CLANG_WARN_OBJC_ROOT_CLASS = YES_ERROR;
				CLANG_WARN_RANGE_LOOP_ANALYSIS = YES;
				CLANG_WARN_STRICT_PROTOTYPES = YES;
				CLANG_WARN_SUSPICIOUS_MOVE = YES;
				CLANG_WARN_UNGUARDED_AVAILABILITY = YES_AGGRESSIVE;
				CLANG_WARN_UNREACHABLE_CODE = YES;
				CLANG_WARN__DUPLICATE_METHOD_MATCH = YES;
				COPY_PHASE_STRIP = NO;
				DEBUG_INFORMATION_FORMAT = "dwarf-with-dsym";
				ENABLE_NS_ASSERTIONS = NO;
				ENABLE_STRICT_OBJC_MSGSEND = YES;
				GCC_C_LANGUAGE_STANDARD = gnu11;
				GCC_NO_COMMON_BLOCKS = YES;
				GCC_WARN_64_TO_32_BIT_CONVERSION = YES;
				GCC_WARN_ABOUT_RETURN_TYPE = YES_ERROR;
				GCC_WARN_UNDECLARED_SELECTOR = YES;
				GCC_WARN_UNINITIALIZED_AUTOS = YES_AGGRESSIVE;
				GCC_WARN_UNUSED_FUNCTION = YES;
				GCC_WARN_UNUSED_VARIABLE = YES;
				IPHONEOS_DEPLOYMENT_TARGET = 13.2;
				MTL_ENABLE_DEBUG_INFO = NO;
				MTL_FAST_MATH = YES;
				SDKROOT = iphoneos;
				SWIFT_COMPILATION_MODE = wholemodule;
				SWIFT_OPTIMIZATION_LEVEL = "-O";
				VALIDATE_PRODUCT = YES;
			};
			name = Release;
		};
		E9C508FB23799F7900327CD5 /* Debug */ = {
			isa = XCBuildConfiguration;
			buildSettings = {
				ASSETCATALOG_COMPILER_APPICON_NAME = AppIcon;
				CODE_SIGN_STYLE = Automatic;
				DEVELOPMENT_ASSET_PATHS = "\"DrawingCanvas/Preview Content\"";
				DEVELOPMENT_TEAM = JQLGR78Y25;
				ENABLE_PREVIEWS = YES;
				INFOPLIST_FILE = DrawingCanvas/Info.plist;
				LD_RUNPATH_SEARCH_PATHS = (
					"$(inherited)",
					"@executable_path/Frameworks",
				);
				PRODUCT_BUNDLE_IDENTIFIER = self.edu.ehumphrey.appDev.DrawingCanvas;
				PRODUCT_NAME = "$(TARGET_NAME)";
				SWIFT_VERSION = 5.0;
				TARGETED_DEVICE_FAMILY = "1,2";
			};
			name = Debug;
		};
		E9C508FC23799F7900327CD5 /* Release */ = {
			isa = XCBuildConfiguration;
			buildSettings = {
				ASSETCATALOG_COMPILER_APPICON_NAME = AppIcon;
				CODE_SIGN_STYLE = Automatic;
				DEVELOPMENT_ASSET_PATHS = "\"DrawingCanvas/Preview Content\"";
				DEVELOPMENT_TEAM = JQLGR78Y25;
				ENABLE_PREVIEWS = YES;
				INFOPLIST_FILE = DrawingCanvas/Info.plist;
				LD_RUNPATH_SEARCH_PATHS = (
					"$(inherited)",
					"@executable_path/Frameworks",
				);
				PRODUCT_BUNDLE_IDENTIFIER = self.edu.ehumphrey.appDev.DrawingCanvas;
				PRODUCT_NAME = "$(TARGET_NAME)";
				SWIFT_VERSION = 5.0;
				TARGETED_DEVICE_FAMILY = "1,2";
			};
			name = Release;
		};
/* End XCBuildConfiguration section */

/* Begin XCConfigurationList section */
		E9C508E123799F7700327CD5 /* Build configuration list for PBXProject "DrawingCanvas" */ = {
			isa = XCConfigurationList;
			buildConfigurations = (
				E9C508F823799F7900327CD5 /* Debug */,
				E9C508F923799F7900327CD5 /* Release */,
			);
			defaultConfigurationIsVisible = 0;
			defaultConfigurationName = Release;
		};
		E9C508FA23799F7900327CD5 /* Build configuration list for PBXNativeTarget "DrawingCanvas" */ = {
			isa = XCConfigurationList;
			buildConfigurations = (
				E9C508FB23799F7900327CD5 /* Debug */,
				E9C508FC23799F7900327CD5 /* Release */,
			);
			defaultConfigurationIsVisible = 0;
			defaultConfigurationName = Release;
		};
/* End XCConfigurationList section */
	};
	rootObject = E9C508DE23799F7700327CD5 /* Project object */;
}
